// !$*UTF8*$!
{
	archiveVersion = 1;
	classes = {
	};
	objectVersion = 50;
	objects = {

/* Begin PBXBuildFile section */
		784B671925EB0FA700001842 /* b2Body.cpp in Sources */ = {isa = PBXBuildFile; fileRef = 784B66B525EB0FA600001842 /* b2Body.cpp */; };
		784B671A25EB0FA700001842 /* b2World.cpp in Sources */ = {isa = PBXBuildFile; fileRef = 784B66B625EB0FA600001842 /* b2World.cpp */; };
		784B671B25EB0FA700001842 /* b2Fixture.cpp in Sources */ = {isa = PBXBuildFile; fileRef = 784B66B725EB0FA600001842 /* b2Fixture.cpp */; };
		784B671C25EB0FA700001842 /* b2ChainAndPolygonContact.cpp in Sources */ = {isa = PBXBuildFile; fileRef = 784B66BE25EB0FA600001842 /* b2ChainAndPolygonContact.cpp */; };
		784B671D25EB0FA700001842 /* b2EdgeAndPolygonContact.cpp in Sources */ = {isa = PBXBuildFile; fileRef = 784B66C025EB0FA600001842 /* b2EdgeAndPolygonContact.cpp */; };
		784B671E25EB0FA700001842 /* b2ChainAndCircleContact.cpp in Sources */ = {isa = PBXBuildFile; fileRef = 784B66C125EB0FA600001842 /* b2ChainAndCircleContact.cpp */; };
		784B671F25EB0FA700001842 /* b2PolygonAndCircleContact.cpp in Sources */ = {isa = PBXBuildFile; fileRef = 784B66C225EB0FA600001842 /* b2PolygonAndCircleContact.cpp */; };
		784B672025EB0FA700001842 /* b2PolygonContact.cpp in Sources */ = {isa = PBXBuildFile; fileRef = 784B66C425EB0FA600001842 /* b2PolygonContact.cpp */; };
		784B672125EB0FA700001842 /* b2ContactSolver.cpp in Sources */ = {isa = PBXBuildFile; fileRef = 784B66C825EB0FA600001842 /* b2ContactSolver.cpp */; };
		784B672225EB0FA700001842 /* b2CircleContact.cpp in Sources */ = {isa = PBXBuildFile; fileRef = 784B66C925EB0FA600001842 /* b2CircleContact.cpp */; };
		784B672325EB0FA700001842 /* b2EdgeAndCircleContact.cpp in Sources */ = {isa = PBXBuildFile; fileRef = 784B66CA25EB0FA600001842 /* b2EdgeAndCircleContact.cpp */; };
		784B672425EB0FA700001842 /* b2Contact.cpp in Sources */ = {isa = PBXBuildFile; fileRef = 784B66CB25EB0FA600001842 /* b2Contact.cpp */; };
		784B672525EB0FA700001842 /* b2WorldCallbacks.cpp in Sources */ = {isa = PBXBuildFile; fileRef = 784B66CC25EB0FA600001842 /* b2WorldCallbacks.cpp */; };
		784B672625EB0FA700001842 /* b2WeldJoint.cpp in Sources */ = {isa = PBXBuildFile; fileRef = 784B66CE25EB0FA600001842 /* b2WeldJoint.cpp */; };
		784B672725EB0FA700001842 /* b2MouseJoint.cpp in Sources */ = {isa = PBXBuildFile; fileRef = 784B66CF25EB0FA600001842 /* b2MouseJoint.cpp */; };
		784B672825EB0FA700001842 /* b2FrictionJoint.cpp in Sources */ = {isa = PBXBuildFile; fileRef = 784B66D025EB0FA600001842 /* b2FrictionJoint.cpp */; };
		784B672925EB0FA700001842 /* b2DistanceJoint.cpp in Sources */ = {isa = PBXBuildFile; fileRef = 784B66D825EB0FA600001842 /* b2DistanceJoint.cpp */; };
		784B672A25EB0FA700001842 /* b2WheelJoint.cpp in Sources */ = {isa = PBXBuildFile; fileRef = 784B66D925EB0FA600001842 /* b2WheelJoint.cpp */; };
		784B672B25EB0FA700001842 /* b2MotorJoint.cpp in Sources */ = {isa = PBXBuildFile; fileRef = 784B66DA25EB0FA600001842 /* b2MotorJoint.cpp */; };
		784B672C25EB0FA700001842 /* b2RevoluteJoint.cpp in Sources */ = {isa = PBXBuildFile; fileRef = 784B66DD25EB0FA600001842 /* b2RevoluteJoint.cpp */; };
		784B672D25EB0FA700001842 /* b2GearJoint.cpp in Sources */ = {isa = PBXBuildFile; fileRef = 784B66DF25EB0FA600001842 /* b2GearJoint.cpp */; };
		784B672E25EB0FA700001842 /* b2Joint.cpp in Sources */ = {isa = PBXBuildFile; fileRef = 784B66E025EB0FA600001842 /* b2Joint.cpp */; };
		784B672F25EB0FA700001842 /* b2PrismaticJoint.cpp in Sources */ = {isa = PBXBuildFile; fileRef = 784B66E125EB0FA600001842 /* b2PrismaticJoint.cpp */; };
		784B673025EB0FA700001842 /* b2PulleyJoint.cpp in Sources */ = {isa = PBXBuildFile; fileRef = 784B66E225EB0FA600001842 /* b2PulleyJoint.cpp */; };
		784B673125EB0FA700001842 /* b2RopeJoint.cpp in Sources */ = {isa = PBXBuildFile; fileRef = 784B66E425EB0FA600001842 /* b2RopeJoint.cpp */; };
		784B673225EB0FA700001842 /* b2Island.cpp in Sources */ = {isa = PBXBuildFile; fileRef = 784B66E725EB0FA600001842 /* b2Island.cpp */; };
		784B673325EB0FA700001842 /* b2ContactManager.cpp in Sources */ = {isa = PBXBuildFile; fileRef = 784B66ED25EB0FA600001842 /* b2ContactManager.cpp */; };
		784B673425EB0FA700001842 /* b2Rope.cpp in Sources */ = {isa = PBXBuildFile; fileRef = 784B66F125EB0FA600001842 /* b2Rope.cpp */; };
		784B673525EB0FA700001842 /* b2Draw.cpp in Sources */ = {isa = PBXBuildFile; fileRef = 784B66F425EB0FA600001842 /* b2Draw.cpp */; };
		784B673625EB0FA700001842 /* b2BlockAllocator.cpp in Sources */ = {isa = PBXBuildFile; fileRef = 784B66F625EB0FA600001842 /* b2BlockAllocator.cpp */; };
		784B673725EB0FA700001842 /* b2Settings.cpp in Sources */ = {isa = PBXBuildFile; fileRef = 784B66F825EB0FA600001842 /* b2Settings.cpp */; };
		784B673825EB0FA700001842 /* b2Timer.cpp in Sources */ = {isa = PBXBuildFile; fileRef = 784B66FA25EB0FA600001842 /* b2Timer.cpp */; };
		784B673925EB0FA700001842 /* b2StackAllocator.cpp in Sources */ = {isa = PBXBuildFile; fileRef = 784B66FC25EB0FA600001842 /* b2StackAllocator.cpp */; };
		784B673A25EB0FA700001842 /* b2Math.cpp in Sources */ = {isa = PBXBuildFile; fileRef = 784B66FD25EB0FA600001842 /* b2Math.cpp */; };
		784B673B25EB0FA700001842 /* b2Distance.cpp in Sources */ = {isa = PBXBuildFile; fileRef = 784B670325EB0FA600001842 /* b2Distance.cpp */; };
		784B673C25EB0FA700001842 /* b2CollideCircle.cpp in Sources */ = {isa = PBXBuildFile; fileRef = 784B670425EB0FA600001842 /* b2CollideCircle.cpp */; };
		784B673D25EB0FA700001842 /* b2CollidePolygon.cpp in Sources */ = {isa = PBXBuildFile; fileRef = 784B670525EB0FA600001842 /* b2CollidePolygon.cpp */; };
		784B673E25EB0FA700001842 /* b2DynamicTree.cpp in Sources */ = {isa = PBXBuildFile; fileRef = 784B670625EB0FA600001842 /* b2DynamicTree.cpp */; };
		784B673F25EB0FA700001842 /* b2ChainShape.cpp in Sources */ = {isa = PBXBuildFile; fileRef = 784B670925EB0FA600001842 /* b2ChainShape.cpp */; };
		784B674025EB0FA700001842 /* b2EdgeShape.cpp in Sources */ = {isa = PBXBuildFile; fileRef = 784B670D25EB0FA600001842 /* b2EdgeShape.cpp */; };
		784B674125EB0FA700001842 /* b2CircleShape.cpp in Sources */ = {isa = PBXBuildFile; fileRef = 784B670E25EB0FA600001842 /* b2CircleShape.cpp */; };
		784B674225EB0FA700001842 /* b2PolygonShape.cpp in Sources */ = {isa = PBXBuildFile; fileRef = 784B670F25EB0FA600001842 /* b2PolygonShape.cpp */; };
		784B674325EB0FA700001842 /* b2TimeOfImpact.cpp in Sources */ = {isa = PBXBuildFile; fileRef = 784B671325EB0FA600001842 /* b2TimeOfImpact.cpp */; };
		784B674425EB0FA700001842 /* b2BroadPhase.cpp in Sources */ = {isa = PBXBuildFile; fileRef = 784B671425EB0FA600001842 /* b2BroadPhase.cpp */; };
		784B674525EB0FA700001842 /* b2CollideEdge.cpp in Sources */ = {isa = PBXBuildFile; fileRef = 784B671725EB0FA600001842 /* b2CollideEdge.cpp */; };
		784B674625EB0FA700001842 /* b2Collision.cpp in Sources */ = {isa = PBXBuildFile; fileRef = 784B671825EB0FA600001842 /* b2Collision.cpp */; };
		784B675325EB158600001842 /* GLESRenderer.cpp in Sources */ = {isa = PBXBuildFile; fileRef = 784B674D25EB158600001842 /* GLESRenderer.cpp */; };
		784B675425EB158600001842 /* Renderer.mm in Sources */ = {isa = PBXBuildFile; fileRef = 784B674E25EB158600001842 /* Renderer.mm */; };
		784B675525EB158600001842 /* CBox2D.mm in Sources */ = {isa = PBXBuildFile; fileRef = 784B674F25EB158600001842 /* CBox2D.mm */; };
		784B675625EB158600001842 /* Shader.vsh in Resources */ = {isa = PBXBuildFile; fileRef = 784B675125EB158600001842 /* Shader.vsh */; };
		784B675725EB158600001842 /* Shader.fsh in Resources */ = {isa = PBXBuildFile; fileRef = 784B675225EB158600001842 /* Shader.fsh */; };
		7850F14F26193A08004A0AC3 /* Player.mm in Sources */ = {isa = PBXBuildFile; fileRef = 7850F14E26193A08004A0AC3 /* Player.mm */; };
		974B070425DEF8AE00C8679A /* AppDelegate.swift in Sources */ = {isa = PBXBuildFile; fileRef = 974B070325DEF8AE00C8679A /* AppDelegate.swift */; };
		974B070625DEF8AE00C8679A /* SceneDelegate.swift in Sources */ = {isa = PBXBuildFile; fileRef = 974B070525DEF8AE00C8679A /* SceneDelegate.swift */; };
		974B070825DEF8AE00C8679A /* ViewController.swift in Sources */ = {isa = PBXBuildFile; fileRef = 974B070725DEF8AE00C8679A /* ViewController.swift */; };
		974B070B25DEF8AE00C8679A /* Main.storyboard in Resources */ = {isa = PBXBuildFile; fileRef = 974B070925DEF8AE00C8679A /* Main.storyboard */; };
		974B070D25DEF8AF00C8679A /* Assets.xcassets in Resources */ = {isa = PBXBuildFile; fileRef = 974B070C25DEF8AF00C8679A /* Assets.xcassets */; };
		974B071025DEF8AF00C8679A /* LaunchScreen.storyboard in Resources */ = {isa = PBXBuildFile; fileRef = 974B070E25DEF8AF00C8679A /* LaunchScreen.storyboard */; };
		FAA2C3D725EF4F1500209DBD /* Obstacle.mm in Sources */ = {isa = PBXBuildFile; fileRef = FAA2C3D625EF4F1500209DBD /* Obstacle.mm */; };
		FABBD9FC261BF94400AB56DE /* Hazard.mm in Sources */ = {isa = PBXBuildFile; fileRef = FABBD9FB261BF94400AB56DE /* Hazard.mm */; };
		FAE809D2261CCB11000F0230 /* Chunk.mm in Sources */ = {isa = PBXBuildFile; fileRef = FAE809D1261CCB11000F0230 /* Chunk.mm */; };
/* End PBXBuildFile section */

/* Begin PBXFileReference section */
		784B66A125EB0EC100001842 /* ProtoJump-Bridging-Header.h */ = {isa = PBXFileReference; lastKnownFileType = sourcecode.c.h; path = "ProtoJump-Bridging-Header.h"; sourceTree = "<group>"; };
		784B66B525EB0FA600001842 /* b2Body.cpp */ = {isa = PBXFileReference; fileEncoding = 4; lastKnownFileType = sourcecode.cpp.cpp; path = b2Body.cpp; sourceTree = "<group>"; };
		784B66B625EB0FA600001842 /* b2World.cpp */ = {isa = PBXFileReference; fileEncoding = 4; lastKnownFileType = sourcecode.cpp.cpp; path = b2World.cpp; sourceTree = "<group>"; };
		784B66B725EB0FA600001842 /* b2Fixture.cpp */ = {isa = PBXFileReference; fileEncoding = 4; lastKnownFileType = sourcecode.cpp.cpp; path = b2Fixture.cpp; sourceTree = "<group>"; };
		784B66B825EB0FA600001842 /* b2World.h */ = {isa = PBXFileReference; fileEncoding = 4; lastKnownFileType = sourcecode.c.h; path = b2World.h; sourceTree = "<group>"; };
		784B66BA25EB0FA600001842 /* b2ContactSolver.h */ = {isa = PBXFileReference; fileEncoding = 4; lastKnownFileType = sourcecode.c.h; path = b2ContactSolver.h; sourceTree = "<group>"; };
		784B66BB25EB0FA600001842 /* b2ChainAndCircleContact.h */ = {isa = PBXFileReference; fileEncoding = 4; lastKnownFileType = sourcecode.c.h; path = b2ChainAndCircleContact.h; sourceTree = "<group>"; };
		784B66BC25EB0FA600001842 /* b2PolygonAndCircleContact.h */ = {isa = PBXFileReference; fileEncoding = 4; lastKnownFileType = sourcecode.c.h; path = b2PolygonAndCircleContact.h; sourceTree = "<group>"; };
		784B66BD25EB0FA600001842 /* b2EdgeAndCircleContact.h */ = {isa = PBXFileReference; fileEncoding = 4; lastKnownFileType = sourcecode.c.h; path = b2EdgeAndCircleContact.h; sourceTree = "<group>"; };
		784B66BE25EB0FA600001842 /* b2ChainAndPolygonContact.cpp */ = {isa = PBXFileReference; fileEncoding = 4; lastKnownFileType = sourcecode.cpp.cpp; path = b2ChainAndPolygonContact.cpp; sourceTree = "<group>"; };
		784B66BF25EB0FA600001842 /* b2EdgeAndPolygonContact.h */ = {isa = PBXFileReference; fileEncoding = 4; lastKnownFileType = sourcecode.c.h; path = b2EdgeAndPolygonContact.h; sourceTree = "<group>"; };
		784B66C025EB0FA600001842 /* b2EdgeAndPolygonContact.cpp */ = {isa = PBXFileReference; fileEncoding = 4; lastKnownFileType = sourcecode.cpp.cpp; path = b2EdgeAndPolygonContact.cpp; sourceTree = "<group>"; };
		784B66C125EB0FA600001842 /* b2ChainAndCircleContact.cpp */ = {isa = PBXFileReference; fileEncoding = 4; lastKnownFileType = sourcecode.cpp.cpp; path = b2ChainAndCircleContact.cpp; sourceTree = "<group>"; };
		784B66C225EB0FA600001842 /* b2PolygonAndCircleContact.cpp */ = {isa = PBXFileReference; fileEncoding = 4; lastKnownFileType = sourcecode.cpp.cpp; path = b2PolygonAndCircleContact.cpp; sourceTree = "<group>"; };
		784B66C325EB0FA600001842 /* b2Contact.h */ = {isa = PBXFileReference; fileEncoding = 4; lastKnownFileType = sourcecode.c.h; path = b2Contact.h; sourceTree = "<group>"; };
		784B66C425EB0FA600001842 /* b2PolygonContact.cpp */ = {isa = PBXFileReference; fileEncoding = 4; lastKnownFileType = sourcecode.cpp.cpp; path = b2PolygonContact.cpp; sourceTree = "<group>"; };
		784B66C525EB0FA600001842 /* b2CircleContact.h */ = {isa = PBXFileReference; fileEncoding = 4; lastKnownFileType = sourcecode.c.h; path = b2CircleContact.h; sourceTree = "<group>"; };
		784B66C625EB0FA600001842 /* b2ChainAndPolygonContact.h */ = {isa = PBXFileReference; fileEncoding = 4; lastKnownFileType = sourcecode.c.h; path = b2ChainAndPolygonContact.h; sourceTree = "<group>"; };
		784B66C725EB0FA600001842 /* b2PolygonContact.h */ = {isa = PBXFileReference; fileEncoding = 4; lastKnownFileType = sourcecode.c.h; path = b2PolygonContact.h; sourceTree = "<group>"; };
		784B66C825EB0FA600001842 /* b2ContactSolver.cpp */ = {isa = PBXFileReference; fileEncoding = 4; lastKnownFileType = sourcecode.cpp.cpp; path = b2ContactSolver.cpp; sourceTree = "<group>"; };
		784B66C925EB0FA600001842 /* b2CircleContact.cpp */ = {isa = PBXFileReference; fileEncoding = 4; lastKnownFileType = sourcecode.cpp.cpp; path = b2CircleContact.cpp; sourceTree = "<group>"; };
		784B66CA25EB0FA600001842 /* b2EdgeAndCircleContact.cpp */ = {isa = PBXFileReference; fileEncoding = 4; lastKnownFileType = sourcecode.cpp.cpp; path = b2EdgeAndCircleContact.cpp; sourceTree = "<group>"; };
		784B66CB25EB0FA600001842 /* b2Contact.cpp */ = {isa = PBXFileReference; fileEncoding = 4; lastKnownFileType = sourcecode.cpp.cpp; path = b2Contact.cpp; sourceTree = "<group>"; };
		784B66CC25EB0FA600001842 /* b2WorldCallbacks.cpp */ = {isa = PBXFileReference; fileEncoding = 4; lastKnownFileType = sourcecode.cpp.cpp; path = b2WorldCallbacks.cpp; sourceTree = "<group>"; };
		784B66CE25EB0FA600001842 /* b2WeldJoint.cpp */ = {isa = PBXFileReference; fileEncoding = 4; lastKnownFileType = sourcecode.cpp.cpp; path = b2WeldJoint.cpp; sourceTree = "<group>"; };
		784B66CF25EB0FA600001842 /* b2MouseJoint.cpp */ = {isa = PBXFileReference; fileEncoding = 4; lastKnownFileType = sourcecode.cpp.cpp; path = b2MouseJoint.cpp; sourceTree = "<group>"; };
		784B66D025EB0FA600001842 /* b2FrictionJoint.cpp */ = {isa = PBXFileReference; fileEncoding = 4; lastKnownFileType = sourcecode.cpp.cpp; path = b2FrictionJoint.cpp; sourceTree = "<group>"; };
		784B66D125EB0FA600001842 /* b2PrismaticJoint.h */ = {isa = PBXFileReference; fileEncoding = 4; lastKnownFileType = sourcecode.c.h; path = b2PrismaticJoint.h; sourceTree = "<group>"; };
		784B66D225EB0FA600001842 /* b2PulleyJoint.h */ = {isa = PBXFileReference; fileEncoding = 4; lastKnownFileType = sourcecode.c.h; path = b2PulleyJoint.h; sourceTree = "<group>"; };
		784B66D325EB0FA600001842 /* b2RopeJoint.h */ = {isa = PBXFileReference; fileEncoding = 4; lastKnownFileType = sourcecode.c.h; path = b2RopeJoint.h; sourceTree = "<group>"; };
		784B66D425EB0FA600001842 /* b2WeldJoint.h */ = {isa = PBXFileReference; fileEncoding = 4; lastKnownFileType = sourcecode.c.h; path = b2WeldJoint.h; sourceTree = "<group>"; };
		784B66D525EB0FA600001842 /* b2GearJoint.h */ = {isa = PBXFileReference; fileEncoding = 4; lastKnownFileType = sourcecode.c.h; path = b2GearJoint.h; sourceTree = "<group>"; };
		784B66D625EB0FA600001842 /* b2DistanceJoint.h */ = {isa = PBXFileReference; fileEncoding = 4; lastKnownFileType = sourcecode.c.h; path = b2DistanceJoint.h; sourceTree = "<group>"; };
		784B66D725EB0FA600001842 /* b2MouseJoint.h */ = {isa = PBXFileReference; fileEncoding = 4; lastKnownFileType = sourcecode.c.h; path = b2MouseJoint.h; sourceTree = "<group>"; };
		784B66D825EB0FA600001842 /* b2DistanceJoint.cpp */ = {isa = PBXFileReference; fileEncoding = 4; lastKnownFileType = sourcecode.cpp.cpp; path = b2DistanceJoint.cpp; sourceTree = "<group>"; };
		784B66D925EB0FA600001842 /* b2WheelJoint.cpp */ = {isa = PBXFileReference; fileEncoding = 4; lastKnownFileType = sourcecode.cpp.cpp; path = b2WheelJoint.cpp; sourceTree = "<group>"; };
		784B66DA25EB0FA600001842 /* b2MotorJoint.cpp */ = {isa = PBXFileReference; fileEncoding = 4; lastKnownFileType = sourcecode.cpp.cpp; path = b2MotorJoint.cpp; sourceTree = "<group>"; };
		784B66DB25EB0FA600001842 /* b2Joint.h */ = {isa = PBXFileReference; fileEncoding = 4; lastKnownFileType = sourcecode.c.h; path = b2Joint.h; sourceTree = "<group>"; };
		784B66DC25EB0FA600001842 /* b2RevoluteJoint.h */ = {isa = PBXFileReference; fileEncoding = 4; lastKnownFileType = sourcecode.c.h; path = b2RevoluteJoint.h; sourceTree = "<group>"; };
		784B66DD25EB0FA600001842 /* b2RevoluteJoint.cpp */ = {isa = PBXFileReference; fileEncoding = 4; lastKnownFileType = sourcecode.cpp.cpp; path = b2RevoluteJoint.cpp; sourceTree = "<group>"; };
		784B66DE25EB0FA600001842 /* b2FrictionJoint.h */ = {isa = PBXFileReference; fileEncoding = 4; lastKnownFileType = sourcecode.c.h; path = b2FrictionJoint.h; sourceTree = "<group>"; };
		784B66DF25EB0FA600001842 /* b2GearJoint.cpp */ = {isa = PBXFileReference; fileEncoding = 4; lastKnownFileType = sourcecode.cpp.cpp; path = b2GearJoint.cpp; sourceTree = "<group>"; };
		784B66E025EB0FA600001842 /* b2Joint.cpp */ = {isa = PBXFileReference; fileEncoding = 4; lastKnownFileType = sourcecode.cpp.cpp; path = b2Joint.cpp; sourceTree = "<group>"; };
		784B66E125EB0FA600001842 /* b2PrismaticJoint.cpp */ = {isa = PBXFileReference; fileEncoding = 4; lastKnownFileType = sourcecode.cpp.cpp; path = b2PrismaticJoint.cpp; sourceTree = "<group>"; };
		784B66E225EB0FA600001842 /* b2PulleyJoint.cpp */ = {isa = PBXFileReference; fileEncoding = 4; lastKnownFileType = sourcecode.cpp.cpp; path = b2PulleyJoint.cpp; sourceTree = "<group>"; };
		784B66E325EB0FA600001842 /* b2WheelJoint.h */ = {isa = PBXFileReference; fileEncoding = 4; lastKnownFileType = sourcecode.c.h; path = b2WheelJoint.h; sourceTree = "<group>"; };
		784B66E425EB0FA600001842 /* b2RopeJoint.cpp */ = {isa = PBXFileReference; fileEncoding = 4; lastKnownFileType = sourcecode.cpp.cpp; path = b2RopeJoint.cpp; sourceTree = "<group>"; };
		784B66E525EB0FA600001842 /* b2MotorJoint.h */ = {isa = PBXFileReference; fileEncoding = 4; lastKnownFileType = sourcecode.c.h; path = b2MotorJoint.h; sourceTree = "<group>"; };
		784B66E625EB0FA600001842 /* b2Body.h */ = {isa = PBXFileReference; fileEncoding = 4; lastKnownFileType = sourcecode.c.h; path = b2Body.h; sourceTree = "<group>"; };
		784B66E725EB0FA600001842 /* b2Island.cpp */ = {isa = PBXFileReference; fileEncoding = 4; lastKnownFileType = sourcecode.cpp.cpp; path = b2Island.cpp; sourceTree = "<group>"; };
		784B66E825EB0FA600001842 /* b2Fixture.h */ = {isa = PBXFileReference; fileEncoding = 4; lastKnownFileType = sourcecode.c.h; path = b2Fixture.h; sourceTree = "<group>"; };
		784B66E925EB0FA600001842 /* b2TimeStep.h */ = {isa = PBXFileReference; fileEncoding = 4; lastKnownFileType = sourcecode.c.h; path = b2TimeStep.h; sourceTree = "<group>"; };
		784B66EA25EB0FA600001842 /* b2WorldCallbacks.h */ = {isa = PBXFileReference; fileEncoding = 4; lastKnownFileType = sourcecode.c.h; path = b2WorldCallbacks.h; sourceTree = "<group>"; };
		784B66EB25EB0FA600001842 /* b2ContactManager.h */ = {isa = PBXFileReference; fileEncoding = 4; lastKnownFileType = sourcecode.c.h; path = b2ContactManager.h; sourceTree = "<group>"; };
		784B66EC25EB0FA600001842 /* b2Island.h */ = {isa = PBXFileReference; fileEncoding = 4; lastKnownFileType = sourcecode.c.h; path = b2Island.h; sourceTree = "<group>"; };
		784B66ED25EB0FA600001842 /* b2ContactManager.cpp */ = {isa = PBXFileReference; fileEncoding = 4; lastKnownFileType = sourcecode.cpp.cpp; path = b2ContactManager.cpp; sourceTree = "<group>"; };
		784B66EE25EB0FA600001842 /* Box2D.h */ = {isa = PBXFileReference; fileEncoding = 4; lastKnownFileType = sourcecode.c.h; path = Box2D.h; sourceTree = "<group>"; };
		784B66F025EB0FA600001842 /* b2Rope.h */ = {isa = PBXFileReference; fileEncoding = 4; lastKnownFileType = sourcecode.c.h; path = b2Rope.h; sourceTree = "<group>"; };
		784B66F125EB0FA600001842 /* b2Rope.cpp */ = {isa = PBXFileReference; fileEncoding = 4; lastKnownFileType = sourcecode.cpp.cpp; path = b2Rope.cpp; sourceTree = "<group>"; };
		784B66F325EB0FA600001842 /* b2StackAllocator.h */ = {isa = PBXFileReference; fileEncoding = 4; lastKnownFileType = sourcecode.c.h; path = b2StackAllocator.h; sourceTree = "<group>"; };
		784B66F425EB0FA600001842 /* b2Draw.cpp */ = {isa = PBXFileReference; fileEncoding = 4; lastKnownFileType = sourcecode.cpp.cpp; path = b2Draw.cpp; sourceTree = "<group>"; };
		784B66F525EB0FA600001842 /* b2GrowableStack.h */ = {isa = PBXFileReference; fileEncoding = 4; lastKnownFileType = sourcecode.c.h; path = b2GrowableStack.h; sourceTree = "<group>"; };
		784B66F625EB0FA600001842 /* b2BlockAllocator.cpp */ = {isa = PBXFileReference; fileEncoding = 4; lastKnownFileType = sourcecode.cpp.cpp; path = b2BlockAllocator.cpp; sourceTree = "<group>"; };
		784B66F725EB0FA600001842 /* b2BlockAllocator.h */ = {isa = PBXFileReference; fileEncoding = 4; lastKnownFileType = sourcecode.c.h; path = b2BlockAllocator.h; sourceTree = "<group>"; };
		784B66F825EB0FA600001842 /* b2Settings.cpp */ = {isa = PBXFileReference; fileEncoding = 4; lastKnownFileType = sourcecode.cpp.cpp; path = b2Settings.cpp; sourceTree = "<group>"; };
		784B66F925EB0FA600001842 /* b2Timer.h */ = {isa = PBXFileReference; fileEncoding = 4; lastKnownFileType = sourcecode.c.h; path = b2Timer.h; sourceTree = "<group>"; };
		784B66FA25EB0FA600001842 /* b2Timer.cpp */ = {isa = PBXFileReference; fileEncoding = 4; lastKnownFileType = sourcecode.cpp.cpp; path = b2Timer.cpp; sourceTree = "<group>"; };
		784B66FB25EB0FA600001842 /* b2Math.h */ = {isa = PBXFileReference; fileEncoding = 4; lastKnownFileType = sourcecode.c.h; path = b2Math.h; sourceTree = "<group>"; };
		784B66FC25EB0FA600001842 /* b2StackAllocator.cpp */ = {isa = PBXFileReference; fileEncoding = 4; lastKnownFileType = sourcecode.cpp.cpp; path = b2StackAllocator.cpp; sourceTree = "<group>"; };
		784B66FD25EB0FA600001842 /* b2Math.cpp */ = {isa = PBXFileReference; fileEncoding = 4; lastKnownFileType = sourcecode.cpp.cpp; path = b2Math.cpp; sourceTree = "<group>"; };
		784B66FE25EB0FA600001842 /* b2Draw.h */ = {isa = PBXFileReference; fileEncoding = 4; lastKnownFileType = sourcecode.c.h; path = b2Draw.h; sourceTree = "<group>"; };
		784B66FF25EB0FA600001842 /* b2Settings.h */ = {isa = PBXFileReference; fileEncoding = 4; lastKnownFileType = sourcecode.c.h; path = b2Settings.h; sourceTree = "<group>"; };
		784B670025EB0FA600001842 /* CBox2D.h */ = {isa = PBXFileReference; fileEncoding = 4; lastKnownFileType = sourcecode.c.h; path = CBox2D.h; sourceTree = "<group>"; };
		784B670225EB0FA600001842 /* b2Collision.h */ = {isa = PBXFileReference; fileEncoding = 4; lastKnownFileType = sourcecode.c.h; path = b2Collision.h; sourceTree = "<group>"; };
		784B670325EB0FA600001842 /* b2Distance.cpp */ = {isa = PBXFileReference; fileEncoding = 4; lastKnownFileType = sourcecode.cpp.cpp; path = b2Distance.cpp; sourceTree = "<group>"; };
		784B670425EB0FA600001842 /* b2CollideCircle.cpp */ = {isa = PBXFileReference; fileEncoding = 4; lastKnownFileType = sourcecode.cpp.cpp; path = b2CollideCircle.cpp; sourceTree = "<group>"; };
		784B670525EB0FA600001842 /* b2CollidePolygon.cpp */ = {isa = PBXFileReference; fileEncoding = 4; lastKnownFileType = sourcecode.cpp.cpp; path = b2CollidePolygon.cpp; sourceTree = "<group>"; };
		784B670625EB0FA600001842 /* b2DynamicTree.cpp */ = {isa = PBXFileReference; fileEncoding = 4; lastKnownFileType = sourcecode.cpp.cpp; path = b2DynamicTree.cpp; sourceTree = "<group>"; };
		784B670725EB0FA600001842 /* b2DynamicTree.h */ = {isa = PBXFileReference; fileEncoding = 4; lastKnownFileType = sourcecode.c.h; path = b2DynamicTree.h; sourceTree = "<group>"; };
		784B670925EB0FA600001842 /* b2ChainShape.cpp */ = {isa = PBXFileReference; fileEncoding = 4; lastKnownFileType = sourcecode.cpp.cpp; path = b2ChainShape.cpp; sourceTree = "<group>"; };
		784B670A25EB0FA600001842 /* b2PolygonShape.h */ = {isa = PBXFileReference; fileEncoding = 4; lastKnownFileType = sourcecode.c.h; path = b2PolygonShape.h; sourceTree = "<group>"; };
		784B670B25EB0FA600001842 /* b2Shape.h */ = {isa = PBXFileReference; fileEncoding = 4; lastKnownFileType = sourcecode.c.h; path = b2Shape.h; sourceTree = "<group>"; };
		784B670C25EB0FA600001842 /* b2ChainShape.h */ = {isa = PBXFileReference; fileEncoding = 4; lastKnownFileType = sourcecode.c.h; path = b2ChainShape.h; sourceTree = "<group>"; };
		784B670D25EB0FA600001842 /* b2EdgeShape.cpp */ = {isa = PBXFileReference; fileEncoding = 4; lastKnownFileType = sourcecode.cpp.cpp; path = b2EdgeShape.cpp; sourceTree = "<group>"; };
		784B670E25EB0FA600001842 /* b2CircleShape.cpp */ = {isa = PBXFileReference; fileEncoding = 4; lastKnownFileType = sourcecode.cpp.cpp; path = b2CircleShape.cpp; sourceTree = "<group>"; };
		784B670F25EB0FA600001842 /* b2PolygonShape.cpp */ = {isa = PBXFileReference; fileEncoding = 4; lastKnownFileType = sourcecode.cpp.cpp; path = b2PolygonShape.cpp; sourceTree = "<group>"; };
		784B671025EB0FA600001842 /* b2EdgeShape.h */ = {isa = PBXFileReference; fileEncoding = 4; lastKnownFileType = sourcecode.c.h; path = b2EdgeShape.h; sourceTree = "<group>"; };
		784B671125EB0FA600001842 /* b2CircleShape.h */ = {isa = PBXFileReference; fileEncoding = 4; lastKnownFileType = sourcecode.c.h; path = b2CircleShape.h; sourceTree = "<group>"; };
		784B671225EB0FA600001842 /* b2TimeOfImpact.h */ = {isa = PBXFileReference; fileEncoding = 4; lastKnownFileType = sourcecode.c.h; path = b2TimeOfImpact.h; sourceTree = "<group>"; };
		784B671325EB0FA600001842 /* b2TimeOfImpact.cpp */ = {isa = PBXFileReference; fileEncoding = 4; lastKnownFileType = sourcecode.cpp.cpp; path = b2TimeOfImpact.cpp; sourceTree = "<group>"; };
		784B671425EB0FA600001842 /* b2BroadPhase.cpp */ = {isa = PBXFileReference; fileEncoding = 4; lastKnownFileType = sourcecode.cpp.cpp; path = b2BroadPhase.cpp; sourceTree = "<group>"; };
		784B671525EB0FA600001842 /* b2BroadPhase.h */ = {isa = PBXFileReference; fileEncoding = 4; lastKnownFileType = sourcecode.c.h; path = b2BroadPhase.h; sourceTree = "<group>"; };
		784B671625EB0FA600001842 /* b2Distance.h */ = {isa = PBXFileReference; fileEncoding = 4; lastKnownFileType = sourcecode.c.h; path = b2Distance.h; sourceTree = "<group>"; };
		784B671725EB0FA600001842 /* b2CollideEdge.cpp */ = {isa = PBXFileReference; fileEncoding = 4; lastKnownFileType = sourcecode.cpp.cpp; path = b2CollideEdge.cpp; sourceTree = "<group>"; };
		784B671825EB0FA600001842 /* b2Collision.cpp */ = {isa = PBXFileReference; fileEncoding = 4; lastKnownFileType = sourcecode.cpp.cpp; path = b2Collision.cpp; sourceTree = "<group>"; };
		784B674B25EB158600001842 /* CBox2D.h */ = {isa = PBXFileReference; fileEncoding = 4; lastKnownFileType = sourcecode.c.h; path = CBox2D.h; sourceTree = "<group>"; };
		784B674C25EB158600001842 /* GLESRenderer.hpp */ = {isa = PBXFileReference; fileEncoding = 4; lastKnownFileType = sourcecode.cpp.h; path = GLESRenderer.hpp; sourceTree = "<group>"; };
		784B674D25EB158600001842 /* GLESRenderer.cpp */ = {isa = PBXFileReference; fileEncoding = 4; lastKnownFileType = sourcecode.cpp.cpp; path = GLESRenderer.cpp; sourceTree = "<group>"; };
		784B674E25EB158600001842 /* Renderer.mm */ = {isa = PBXFileReference; fileEncoding = 4; lastKnownFileType = sourcecode.cpp.objcpp; path = Renderer.mm; sourceTree = "<group>"; };
		784B674F25EB158600001842 /* CBox2D.mm */ = {isa = PBXFileReference; fileEncoding = 4; lastKnownFileType = sourcecode.cpp.objcpp; path = CBox2D.mm; sourceTree = "<group>"; };
		784B675025EB158600001842 /* Renderer.h */ = {isa = PBXFileReference; fileEncoding = 4; lastKnownFileType = sourcecode.c.h; path = Renderer.h; sourceTree = "<group>"; };
		784B675125EB158600001842 /* Shader.vsh */ = {isa = PBXFileReference; fileEncoding = 4; lastKnownFileType = sourcecode.glsl; path = Shader.vsh; sourceTree = "<group>"; };
		784B675225EB158600001842 /* Shader.fsh */ = {isa = PBXFileReference; fileEncoding = 4; lastKnownFileType = sourcecode.glsl; path = Shader.fsh; sourceTree = "<group>"; };
		7850F14D26193A08004A0AC3 /* Player.h */ = {isa = PBXFileReference; fileEncoding = 4; lastKnownFileType = sourcecode.c.h; path = Player.h; sourceTree = "<group>"; };
		7850F14E26193A08004A0AC3 /* Player.mm */ = {isa = PBXFileReference; fileEncoding = 4; lastKnownFileType = sourcecode.cpp.objcpp; path = Player.mm; sourceTree = "<group>"; };
		974B070025DEF8AE00C8679A /* ProtoJump.app */ = {isa = PBXFileReference; explicitFileType = wrapper.application; includeInIndex = 0; path = ProtoJump.app; sourceTree = BUILT_PRODUCTS_DIR; };
		974B070325DEF8AE00C8679A /* AppDelegate.swift */ = {isa = PBXFileReference; lastKnownFileType = sourcecode.swift; path = AppDelegate.swift; sourceTree = "<group>"; };
		974B070525DEF8AE00C8679A /* SceneDelegate.swift */ = {isa = PBXFileReference; lastKnownFileType = sourcecode.swift; path = SceneDelegate.swift; sourceTree = "<group>"; };
		974B070725DEF8AE00C8679A /* ViewController.swift */ = {isa = PBXFileReference; lastKnownFileType = sourcecode.swift; path = ViewController.swift; sourceTree = "<group>"; };
		974B070A25DEF8AE00C8679A /* Base */ = {isa = PBXFileReference; lastKnownFileType = file.storyboard; name = Base; path = Base.lproj/Main.storyboard; sourceTree = "<group>"; };
		974B070C25DEF8AF00C8679A /* Assets.xcassets */ = {isa = PBXFileReference; lastKnownFileType = folder.assetcatalog; path = Assets.xcassets; sourceTree = "<group>"; };
		974B070F25DEF8AF00C8679A /* Base */ = {isa = PBXFileReference; lastKnownFileType = file.storyboard; name = Base; path = Base.lproj/LaunchScreen.storyboard; sourceTree = "<group>"; };
		974B071125DEF8AF00C8679A /* Info.plist */ = {isa = PBXFileReference; lastKnownFileType = text.plist.xml; path = Info.plist; sourceTree = "<group>"; };
		FAA2C3D625EF4F1500209DBD /* Obstacle.mm */ = {isa = PBXFileReference; lastKnownFileType = sourcecode.cpp.objcpp; path = Obstacle.mm; sourceTree = "<group>"; };
		FAA2C3DB25EF506800209DBD /* Obstacle.h */ = {isa = PBXFileReference; lastKnownFileType = sourcecode.c.h; path = Obstacle.h; sourceTree = "<group>"; };
		FABBD9FA261BF90300AB56DE /* Hazard.h */ = {isa = PBXFileReference; lastKnownFileType = sourcecode.c.h; path = Hazard.h; sourceTree = "<group>"; };
		FABBD9FB261BF94400AB56DE /* Hazard.mm */ = {isa = PBXFileReference; lastKnownFileType = sourcecode.cpp.objcpp; path = Hazard.mm; sourceTree = "<group>"; };
		FAE809D1261CCB11000F0230 /* Chunk.mm */ = {isa = PBXFileReference; lastKnownFileType = sourcecode.cpp.objcpp; path = Chunk.mm; sourceTree = "<group>"; };
		FAE809D5261CCB7E000F0230 /* Chunk.h */ = {isa = PBXFileReference; lastKnownFileType = sourcecode.c.h; path = Chunk.h; sourceTree = "<group>"; };
/* End PBXFileReference section */

/* Begin PBXFrameworksBuildPhase section */
		974B06FD25DEF8AE00C8679A /* Frameworks */ = {
			isa = PBXFrameworksBuildPhase;
			buildActionMask = 2147483647;
			files = (
			);
			runOnlyForDeploymentPostprocessing = 0;
		};
/* End PBXFrameworksBuildPhase section */

/* Begin PBXGroup section */
		784B66B325EB0FA600001842 /* Box2D */ = {
			isa = PBXGroup;
			children = (
				784B66B425EB0FA600001842 /* Dynamics */,
				784B66EE25EB0FA600001842 /* Box2D.h */,
				784B66EF25EB0FA600001842 /* Rope */,
				784B66F225EB0FA600001842 /* Common */,
				784B670025EB0FA600001842 /* CBox2D.h */,
				784B670125EB0FA600001842 /* Collision */,
			);
			path = Box2D;
			sourceTree = "<group>";
		};
		784B66B425EB0FA600001842 /* Dynamics */ = {
			isa = PBXGroup;
			children = (
				784B66B525EB0FA600001842 /* b2Body.cpp */,
				784B66B625EB0FA600001842 /* b2World.cpp */,
				784B66B725EB0FA600001842 /* b2Fixture.cpp */,
				784B66B825EB0FA600001842 /* b2World.h */,
				784B66B925EB0FA600001842 /* Contacts */,
				784B66CC25EB0FA600001842 /* b2WorldCallbacks.cpp */,
				784B66CD25EB0FA600001842 /* Joints */,
				784B66E625EB0FA600001842 /* b2Body.h */,
				784B66E725EB0FA600001842 /* b2Island.cpp */,
				784B66E825EB0FA600001842 /* b2Fixture.h */,
				784B66E925EB0FA600001842 /* b2TimeStep.h */,
				784B66EA25EB0FA600001842 /* b2WorldCallbacks.h */,
				784B66EB25EB0FA600001842 /* b2ContactManager.h */,
				784B66EC25EB0FA600001842 /* b2Island.h */,
				784B66ED25EB0FA600001842 /* b2ContactManager.cpp */,
			);
			path = Dynamics;
			sourceTree = "<group>";
		};
		784B66B925EB0FA600001842 /* Contacts */ = {
			isa = PBXGroup;
			children = (
				784B66BA25EB0FA600001842 /* b2ContactSolver.h */,
				784B66BB25EB0FA600001842 /* b2ChainAndCircleContact.h */,
				784B66BC25EB0FA600001842 /* b2PolygonAndCircleContact.h */,
				784B66BD25EB0FA600001842 /* b2EdgeAndCircleContact.h */,
				784B66BE25EB0FA600001842 /* b2ChainAndPolygonContact.cpp */,
				784B66BF25EB0FA600001842 /* b2EdgeAndPolygonContact.h */,
				784B66C025EB0FA600001842 /* b2EdgeAndPolygonContact.cpp */,
				784B66C125EB0FA600001842 /* b2ChainAndCircleContact.cpp */,
				784B66C225EB0FA600001842 /* b2PolygonAndCircleContact.cpp */,
				784B66C325EB0FA600001842 /* b2Contact.h */,
				784B66C425EB0FA600001842 /* b2PolygonContact.cpp */,
				784B66C525EB0FA600001842 /* b2CircleContact.h */,
				784B66C625EB0FA600001842 /* b2ChainAndPolygonContact.h */,
				784B66C725EB0FA600001842 /* b2PolygonContact.h */,
				784B66C825EB0FA600001842 /* b2ContactSolver.cpp */,
				784B66C925EB0FA600001842 /* b2CircleContact.cpp */,
				784B66CA25EB0FA600001842 /* b2EdgeAndCircleContact.cpp */,
				784B66CB25EB0FA600001842 /* b2Contact.cpp */,
			);
			path = Contacts;
			sourceTree = "<group>";
		};
		784B66CD25EB0FA600001842 /* Joints */ = {
			isa = PBXGroup;
			children = (
				784B66CE25EB0FA600001842 /* b2WeldJoint.cpp */,
				784B66CF25EB0FA600001842 /* b2MouseJoint.cpp */,
				784B66D025EB0FA600001842 /* b2FrictionJoint.cpp */,
				784B66D125EB0FA600001842 /* b2PrismaticJoint.h */,
				784B66D225EB0FA600001842 /* b2PulleyJoint.h */,
				784B66D325EB0FA600001842 /* b2RopeJoint.h */,
				784B66D425EB0FA600001842 /* b2WeldJoint.h */,
				784B66D525EB0FA600001842 /* b2GearJoint.h */,
				784B66D625EB0FA600001842 /* b2DistanceJoint.h */,
				784B66D725EB0FA600001842 /* b2MouseJoint.h */,
				784B66D825EB0FA600001842 /* b2DistanceJoint.cpp */,
				784B66D925EB0FA600001842 /* b2WheelJoint.cpp */,
				784B66DA25EB0FA600001842 /* b2MotorJoint.cpp */,
				784B66DB25EB0FA600001842 /* b2Joint.h */,
				784B66DC25EB0FA600001842 /* b2RevoluteJoint.h */,
				784B66DD25EB0FA600001842 /* b2RevoluteJoint.cpp */,
				784B66DE25EB0FA600001842 /* b2FrictionJoint.h */,
				784B66DF25EB0FA600001842 /* b2GearJoint.cpp */,
				784B66E025EB0FA600001842 /* b2Joint.cpp */,
				784B66E125EB0FA600001842 /* b2PrismaticJoint.cpp */,
				784B66E225EB0FA600001842 /* b2PulleyJoint.cpp */,
				784B66E325EB0FA600001842 /* b2WheelJoint.h */,
				784B66E425EB0FA600001842 /* b2RopeJoint.cpp */,
				784B66E525EB0FA600001842 /* b2MotorJoint.h */,
			);
			path = Joints;
			sourceTree = "<group>";
		};
		784B66EF25EB0FA600001842 /* Rope */ = {
			isa = PBXGroup;
			children = (
				784B66F025EB0FA600001842 /* b2Rope.h */,
				784B66F125EB0FA600001842 /* b2Rope.cpp */,
			);
			path = Rope;
			sourceTree = "<group>";
		};
		784B66F225EB0FA600001842 /* Common */ = {
			isa = PBXGroup;
			children = (
				784B66F325EB0FA600001842 /* b2StackAllocator.h */,
				784B66F425EB0FA600001842 /* b2Draw.cpp */,
				784B66F525EB0FA600001842 /* b2GrowableStack.h */,
				784B66F625EB0FA600001842 /* b2BlockAllocator.cpp */,
				784B66F725EB0FA600001842 /* b2BlockAllocator.h */,
				784B66F825EB0FA600001842 /* b2Settings.cpp */,
				784B66F925EB0FA600001842 /* b2Timer.h */,
				784B66FA25EB0FA600001842 /* b2Timer.cpp */,
				784B66FB25EB0FA600001842 /* b2Math.h */,
				784B66FC25EB0FA600001842 /* b2StackAllocator.cpp */,
				784B66FD25EB0FA600001842 /* b2Math.cpp */,
				784B66FE25EB0FA600001842 /* b2Draw.h */,
				784B66FF25EB0FA600001842 /* b2Settings.h */,
			);
			path = Common;
			sourceTree = "<group>";
		};
		784B670125EB0FA600001842 /* Collision */ = {
			isa = PBXGroup;
			children = (
				784B670225EB0FA600001842 /* b2Collision.h */,
				784B670325EB0FA600001842 /* b2Distance.cpp */,
				784B670425EB0FA600001842 /* b2CollideCircle.cpp */,
				784B670525EB0FA600001842 /* b2CollidePolygon.cpp */,
				784B670625EB0FA600001842 /* b2DynamicTree.cpp */,
				784B670725EB0FA600001842 /* b2DynamicTree.h */,
				784B670825EB0FA600001842 /* Shapes */,
				784B671225EB0FA600001842 /* b2TimeOfImpact.h */,
				784B671325EB0FA600001842 /* b2TimeOfImpact.cpp */,
				784B671425EB0FA600001842 /* b2BroadPhase.cpp */,
				784B671525EB0FA600001842 /* b2BroadPhase.h */,
				784B671625EB0FA600001842 /* b2Distance.h */,
				784B671725EB0FA600001842 /* b2CollideEdge.cpp */,
				784B671825EB0FA600001842 /* b2Collision.cpp */,
			);
			path = Collision;
			sourceTree = "<group>";
		};
		784B670825EB0FA600001842 /* Shapes */ = {
			isa = PBXGroup;
			children = (
				784B670925EB0FA600001842 /* b2ChainShape.cpp */,
				784B670A25EB0FA600001842 /* b2PolygonShape.h */,
				784B670B25EB0FA600001842 /* b2Shape.h */,
				784B670C25EB0FA600001842 /* b2ChainShape.h */,
				784B670D25EB0FA600001842 /* b2EdgeShape.cpp */,
				784B670E25EB0FA600001842 /* b2CircleShape.cpp */,
				784B670F25EB0FA600001842 /* b2PolygonShape.cpp */,
				784B671025EB0FA600001842 /* b2EdgeShape.h */,
				784B671125EB0FA600001842 /* b2CircleShape.h */,
			);
			path = Shapes;
			sourceTree = "<group>";
		};
		974B06F725DEF8AE00C8679A = {
			isa = PBXGroup;
			children = (
				974B070225DEF8AE00C8679A /* ProtoJump */,
				974B070125DEF8AE00C8679A /* Products */,
			);
			sourceTree = "<group>";
		};
		974B070125DEF8AE00C8679A /* Products */ = {
			isa = PBXGroup;
			children = (
				974B070025DEF8AE00C8679A /* ProtoJump.app */,
			);
			name = Products;
			sourceTree = "<group>";
		};
		974B070225DEF8AE00C8679A /* ProtoJump */ = {
			isa = PBXGroup;
			children = (
				784B66B325EB0FA600001842 /* Box2D */,
				784B674B25EB158600001842 /* CBox2D.h */,
				784B674F25EB158600001842 /* CBox2D.mm */,
				784B674D25EB158600001842 /* GLESRenderer.cpp */,
				784B674C25EB158600001842 /* GLESRenderer.hpp */,
				784B675025EB158600001842 /* Renderer.h */,
				784B674E25EB158600001842 /* Renderer.mm */,
				784B675225EB158600001842 /* Shader.fsh */,
				784B675125EB158600001842 /* Shader.vsh */,
				974B070325DEF8AE00C8679A /* AppDelegate.swift */,
				974B070525DEF8AE00C8679A /* SceneDelegate.swift */,
				974B070725DEF8AE00C8679A /* ViewController.swift */,
				974B070925DEF8AE00C8679A /* Main.storyboard */,
				974B070C25DEF8AF00C8679A /* Assets.xcassets */,
				974B070E25DEF8AF00C8679A /* LaunchScreen.storyboard */,
				974B071125DEF8AF00C8679A /* Info.plist */,
				784B66A125EB0EC100001842 /* ProtoJump-Bridging-Header.h */,
				FAE809D5261CCB7E000F0230 /* Chunk.h */,
				FAE809D1261CCB11000F0230 /* Chunk.mm */,
				FAA2C3DB25EF506800209DBD /* Obstacle.h */,
				FAA2C3D625EF4F1500209DBD /* Obstacle.mm */,
				FABBD9FA261BF90300AB56DE /* Hazard.h */,
				FABBD9FB261BF94400AB56DE /* Hazard.mm */,
				7850F14D26193A08004A0AC3 /* Player.h */,
				7850F14E26193A08004A0AC3 /* Player.mm */,
			);
			path = ProtoJump;
			sourceTree = "<group>";
		};
/* End PBXGroup section */

/* Begin PBXNativeTarget section */
		974B06FF25DEF8AE00C8679A /* ProtoJump */ = {
			isa = PBXNativeTarget;
			buildConfigurationList = 974B071425DEF8AF00C8679A /* Build configuration list for PBXNativeTarget "ProtoJump" */;
			buildPhases = (
				974B06FC25DEF8AE00C8679A /* Sources */,
				974B06FD25DEF8AE00C8679A /* Frameworks */,
				974B06FE25DEF8AE00C8679A /* Resources */,
			);
			buildRules = (
			);
			dependencies = (
			);
			name = ProtoJump;
			productName = ProtoJump;
			productReference = 974B070025DEF8AE00C8679A /* ProtoJump.app */;
			productType = "com.apple.product-type.application";
		};
/* End PBXNativeTarget section */

/* Begin PBXProject section */
		974B06F825DEF8AE00C8679A /* Project object */ = {
			isa = PBXProject;
			attributes = {
				LastSwiftUpdateCheck = 1240;
				LastUpgradeCheck = 1240;
				TargetAttributes = {
					974B06FF25DEF8AE00C8679A = {
						CreatedOnToolsVersion = 12.4;
						LastSwiftMigration = 1220;
					};
				};
			};
			buildConfigurationList = 974B06FB25DEF8AE00C8679A /* Build configuration list for PBXProject "ProtoJump" */;
			compatibilityVersion = "Xcode 9.3";
			developmentRegion = en;
			hasScannedForEncodings = 0;
			knownRegions = (
				en,
				Base,
			);
			mainGroup = 974B06F725DEF8AE00C8679A;
			productRefGroup = 974B070125DEF8AE00C8679A /* Products */;
			projectDirPath = "";
			projectRoot = "";
			targets = (
				974B06FF25DEF8AE00C8679A /* ProtoJump */,
			);
		};
/* End PBXProject section */

/* Begin PBXResourcesBuildPhase section */
		974B06FE25DEF8AE00C8679A /* Resources */ = {
			isa = PBXResourcesBuildPhase;
			buildActionMask = 2147483647;
			files = (
				784B675625EB158600001842 /* Shader.vsh in Resources */,
				974B071025DEF8AF00C8679A /* LaunchScreen.storyboard in Resources */,
				974B070D25DEF8AF00C8679A /* Assets.xcassets in Resources */,
				974B070B25DEF8AE00C8679A /* Main.storyboard in Resources */,
				784B675725EB158600001842 /* Shader.fsh in Resources */,
			);
			runOnlyForDeploymentPostprocessing = 0;
		};
/* End PBXResourcesBuildPhase section */

/* Begin PBXSourcesBuildPhase section */
		974B06FC25DEF8AE00C8679A /* Sources */ = {
			isa = PBXSourcesBuildPhase;
			buildActionMask = 2147483647;
			files = (
				784B674225EB0FA700001842 /* b2PolygonShape.cpp in Sources */,
				784B672E25EB0FA700001842 /* b2Joint.cpp in Sources */,
				784B673325EB0FA700001842 /* b2ContactManager.cpp in Sources */,
				784B671A25EB0FA700001842 /* b2World.cpp in Sources */,
				784B672125EB0FA700001842 /* b2ContactSolver.cpp in Sources */,
				974B070825DEF8AE00C8679A /* ViewController.swift in Sources */,
				784B674425EB0FA700001842 /* b2BroadPhase.cpp in Sources */,
				784B672325EB0FA700001842 /* b2EdgeAndCircleContact.cpp in Sources */,
				784B672F25EB0FA700001842 /* b2PrismaticJoint.cpp in Sources */,
				784B673B25EB0FA700001842 /* b2Distance.cpp in Sources */,
				FAA2C3D725EF4F1500209DBD /* Obstacle.mm in Sources */,
				784B672625EB0FA700001842 /* b2WeldJoint.cpp in Sources */,
				7850F14F26193A08004A0AC3 /* Player.mm in Sources */,
				974B070425DEF8AE00C8679A /* AppDelegate.swift in Sources */,
				784B674025EB0FA700001842 /* b2EdgeShape.cpp in Sources */,
				784B673625EB0FA700001842 /* b2BlockAllocator.cpp in Sources */,
				784B674525EB0FA700001842 /* b2CollideEdge.cpp in Sources */,
				784B672A25EB0FA700001842 /* b2WheelJoint.cpp in Sources */,
				784B673F25EB0FA700001842 /* b2ChainShape.cpp in Sources */,
				784B671D25EB0FA700001842 /* b2EdgeAndPolygonContact.cpp in Sources */,
				784B671C25EB0FA700001842 /* b2ChainAndPolygonContact.cpp in Sources */,
				784B672925EB0FA700001842 /* b2DistanceJoint.cpp in Sources */,
				784B673E25EB0FA700001842 /* b2DynamicTree.cpp in Sources */,
				784B673225EB0FA700001842 /* b2Island.cpp in Sources */,
				784B673825EB0FA700001842 /* b2Timer.cpp in Sources */,
				784B675525EB158600001842 /* CBox2D.mm in Sources */,
				784B672225EB0FA700001842 /* b2CircleContact.cpp in Sources */,
				784B673525EB0FA700001842 /* b2Draw.cpp in Sources */,
				784B672825EB0FA700001842 /* b2FrictionJoint.cpp in Sources */,
				784B673725EB0FA700001842 /* b2Settings.cpp in Sources */,
				784B673D25EB0FA700001842 /* b2CollidePolygon.cpp in Sources */,
				784B673425EB0FA700001842 /* b2Rope.cpp in Sources */,
				784B672525EB0FA700001842 /* b2WorldCallbacks.cpp in Sources */,
				784B672D25EB0FA700001842 /* b2GearJoint.cpp in Sources */,
				784B673125EB0FA700001842 /* b2RopeJoint.cpp in Sources */,
				FABBD9FC261BF94400AB56DE /* Hazard.mm in Sources */,
				784B673A25EB0FA700001842 /* b2Math.cpp in Sources */,
				784B673025EB0FA700001842 /* b2PulleyJoint.cpp in Sources */,
				784B675425EB158600001842 /* Renderer.mm in Sources */,
				784B672725EB0FA700001842 /* b2MouseJoint.cpp in Sources */,
				784B675325EB158600001842 /* GLESRenderer.cpp in Sources */,
				784B674625EB0FA700001842 /* b2Collision.cpp in Sources */,
				784B673C25EB0FA700001842 /* b2CollideCircle.cpp in Sources */,
				784B671925EB0FA700001842 /* b2Body.cpp in Sources */,
				784B674125EB0FA700001842 /* b2CircleShape.cpp in Sources */,
				784B674325EB0FA700001842 /* b2TimeOfImpact.cpp in Sources */,
				784B671E25EB0FA700001842 /* b2ChainAndCircleContact.cpp in Sources */,
				784B672B25EB0FA700001842 /* b2MotorJoint.cpp in Sources */,
				784B672025EB0FA700001842 /* b2PolygonContact.cpp in Sources */,
				784B673925EB0FA700001842 /* b2StackAllocator.cpp in Sources */,
				784B672C25EB0FA700001842 /* b2RevoluteJoint.cpp in Sources */,
				FAE809D2261CCB11000F0230 /* Chunk.mm in Sources */,
				974B070625DEF8AE00C8679A /* SceneDelegate.swift in Sources */,
				784B671F25EB0FA700001842 /* b2PolygonAndCircleContact.cpp in Sources */,
				784B672425EB0FA700001842 /* b2Contact.cpp in Sources */,
				784B671B25EB0FA700001842 /* b2Fixture.cpp in Sources */,
			);
			runOnlyForDeploymentPostprocessing = 0;
		};
/* End PBXSourcesBuildPhase section */

/* Begin PBXVariantGroup section */
		974B070925DEF8AE00C8679A /* Main.storyboard */ = {
			isa = PBXVariantGroup;
			children = (
				974B070A25DEF8AE00C8679A /* Base */,
			);
			name = Main.storyboard;
			sourceTree = "<group>";
		};
		974B070E25DEF8AF00C8679A /* LaunchScreen.storyboard */ = {
			isa = PBXVariantGroup;
			children = (
				974B070F25DEF8AF00C8679A /* Base */,
			);
			name = LaunchScreen.storyboard;
			sourceTree = "<group>";
		};
/* End PBXVariantGroup section */

/* Begin XCBuildConfiguration section */
		974B071225DEF8AF00C8679A /* Debug */ = {
			isa = XCBuildConfiguration;
			buildSettings = {
				ALWAYS_SEARCH_USER_PATHS = YES;
				CLANG_ANALYZER_NONNULL = YES;
				CLANG_ANALYZER_NUMBER_OBJECT_CONVERSION = YES_AGGRESSIVE;
				CLANG_CXX_LANGUAGE_STANDARD = "gnu++14";
				CLANG_CXX_LIBRARY = "libc++";
				CLANG_ENABLE_MODULES = YES;
				CLANG_ENABLE_OBJC_ARC = YES;
				CLANG_ENABLE_OBJC_WEAK = YES;
				CLANG_WARN_BLOCK_CAPTURE_AUTORELEASING = YES;
				CLANG_WARN_BOOL_CONVERSION = YES;
				CLANG_WARN_COMMA = YES;
				CLANG_WARN_CONSTANT_CONVERSION = YES;
				CLANG_WARN_DEPRECATED_OBJC_IMPLEMENTATIONS = YES;
				CLANG_WARN_DIRECT_OBJC_ISA_USAGE = YES_ERROR;
				CLANG_WARN_DOCUMENTATION_COMMENTS = YES;
				CLANG_WARN_EMPTY_BODY = YES;
				CLANG_WARN_ENUM_CONVERSION = YES;
				CLANG_WARN_INFINITE_RECURSION = YES;
				CLANG_WARN_INT_CONVERSION = YES;
				CLANG_WARN_NON_LITERAL_NULL_CONVERSION = YES;
				CLANG_WARN_OBJC_IMPLICIT_RETAIN_SELF = YES;
				CLANG_WARN_OBJC_LITERAL_CONVERSION = YES;
				CLANG_WARN_OBJC_ROOT_CLASS = YES_ERROR;
				CLANG_WARN_QUOTED_INCLUDE_IN_FRAMEWORK_HEADER = YES;
				CLANG_WARN_RANGE_LOOP_ANALYSIS = YES;
				CLANG_WARN_STRICT_PROTOTYPES = YES;
				CLANG_WARN_SUSPICIOUS_MOVE = YES;
				CLANG_WARN_UNGUARDED_AVAILABILITY = YES_AGGRESSIVE;
				CLANG_WARN_UNREACHABLE_CODE = YES;
				CLANG_WARN__DUPLICATE_METHOD_MATCH = YES;
				COPY_PHASE_STRIP = NO;
				DEBUG_INFORMATION_FORMAT = dwarf;
				ENABLE_STRICT_OBJC_MSGSEND = YES;
				ENABLE_TESTABILITY = YES;
				GCC_C_LANGUAGE_STANDARD = gnu11;
				GCC_DYNAMIC_NO_PIC = NO;
				GCC_NO_COMMON_BLOCKS = YES;
				GCC_OPTIMIZATION_LEVEL = 0;
				GCC_PREPROCESSOR_DEFINITIONS = (
					"DEBUG=1",
					"$(inherited)",
					GLES_SILENCE_DEPRECATION,
				);
				GCC_WARN_64_TO_32_BIT_CONVERSION = YES;
				GCC_WARN_ABOUT_RETURN_TYPE = YES_ERROR;
				GCC_WARN_UNDECLARED_SELECTOR = YES;
				GCC_WARN_UNINITIALIZED_AUTOS = YES_AGGRESSIVE;
				GCC_WARN_UNUSED_FUNCTION = YES;
				GCC_WARN_UNUSED_VARIABLE = YES;
				IPHONEOS_DEPLOYMENT_TARGET = 14.4;
				MTL_ENABLE_DEBUG_INFO = INCLUDE_SOURCE;
				MTL_FAST_MATH = YES;
				ONLY_ACTIVE_ARCH = YES;
				SDKROOT = iphoneos;
				SWIFT_ACTIVE_COMPILATION_CONDITIONS = DEBUG;
				SWIFT_OPTIMIZATION_LEVEL = "-Onone";
				USER_HEADER_SEARCH_PATHS = "$(PROJECT_DIR)/$(PROJECT_NAME)";
			};
			name = Debug;
		};
		974B071325DEF8AF00C8679A /* Release */ = {
			isa = XCBuildConfiguration;
			buildSettings = {
				ALWAYS_SEARCH_USER_PATHS = YES;
				CLANG_ANALYZER_NONNULL = YES;
				CLANG_ANALYZER_NUMBER_OBJECT_CONVERSION = YES_AGGRESSIVE;
				CLANG_CXX_LANGUAGE_STANDARD = "gnu++14";
				CLANG_CXX_LIBRARY = "libc++";
				CLANG_ENABLE_MODULES = YES;
				CLANG_ENABLE_OBJC_ARC = YES;
				CLANG_ENABLE_OBJC_WEAK = YES;
				CLANG_WARN_BLOCK_CAPTURE_AUTORELEASING = YES;
				CLANG_WARN_BOOL_CONVERSION = YES;
				CLANG_WARN_COMMA = YES;
				CLANG_WARN_CONSTANT_CONVERSION = YES;
				CLANG_WARN_DEPRECATED_OBJC_IMPLEMENTATIONS = YES;
				CLANG_WARN_DIRECT_OBJC_ISA_USAGE = YES_ERROR;
				CLANG_WARN_DOCUMENTATION_COMMENTS = YES;
				CLANG_WARN_EMPTY_BODY = YES;
				CLANG_WARN_ENUM_CONVERSION = YES;
				CLANG_WARN_INFINITE_RECURSION = YES;
				CLANG_WARN_INT_CONVERSION = YES;
				CLANG_WARN_NON_LITERAL_NULL_CONVERSION = YES;
				CLANG_WARN_OBJC_IMPLICIT_RETAIN_SELF = YES;
				CLANG_WARN_OBJC_LITERAL_CONVERSION = YES;
				CLANG_WARN_OBJC_ROOT_CLASS = YES_ERROR;
				CLANG_WARN_QUOTED_INCLUDE_IN_FRAMEWORK_HEADER = YES;
				CLANG_WARN_RANGE_LOOP_ANALYSIS = YES;
				CLANG_WARN_STRICT_PROTOTYPES = YES;
				CLANG_WARN_SUSPICIOUS_MOVE = YES;
				CLANG_WARN_UNGUARDED_AVAILABILITY = YES_AGGRESSIVE;
				CLANG_WARN_UNREACHABLE_CODE = YES;
				CLANG_WARN__DUPLICATE_METHOD_MATCH = YES;
				COPY_PHASE_STRIP = NO;
				DEBUG_INFORMATION_FORMAT = "dwarf-with-dsym";
				ENABLE_NS_ASSERTIONS = NO;
				ENABLE_STRICT_OBJC_MSGSEND = YES;
				GCC_C_LANGUAGE_STANDARD = gnu11;
				GCC_NO_COMMON_BLOCKS = YES;
				GCC_PREPROCESSOR_DEFINITIONS = GLES_SILENCE_DEPRECATION;
				GCC_WARN_64_TO_32_BIT_CONVERSION = YES;
				GCC_WARN_ABOUT_RETURN_TYPE = YES_ERROR;
				GCC_WARN_UNDECLARED_SELECTOR = YES;
				GCC_WARN_UNINITIALIZED_AUTOS = YES_AGGRESSIVE;
				GCC_WARN_UNUSED_FUNCTION = YES;
				GCC_WARN_UNUSED_VARIABLE = YES;
				IPHONEOS_DEPLOYMENT_TARGET = 14.4;
				MTL_ENABLE_DEBUG_INFO = NO;
				MTL_FAST_MATH = YES;
				SDKROOT = iphoneos;
				SWIFT_COMPILATION_MODE = wholemodule;
				SWIFT_OPTIMIZATION_LEVEL = "-O";
				USER_HEADER_SEARCH_PATHS = "$(PROJECT_DIR)/$(PROJECT_NAME)";
				VALIDATE_PRODUCT = YES;
			};
			name = Release;
		};
		974B071525DEF8AF00C8679A /* Debug */ = {
			isa = XCBuildConfiguration;
			buildSettings = {
				ASSETCATALOG_COMPILER_APPICON_NAME = AppIcon;
				ASSETCATALOG_COMPILER_GLOBAL_ACCENT_COLOR_NAME = AccentColor;
				CLANG_ENABLE_MODULES = YES;
				CODE_SIGN_STYLE = Automatic;
				INFOPLIST_FILE = ProtoJump/Info.plist;
				IPHONEOS_DEPLOYMENT_TARGET = 13.0;
				LD_RUNPATH_SEARCH_PATHS = (
					"$(inherited)",
					"@executable_path/Frameworks",
				);
				PRODUCT_BUNDLE_IDENTIFIER = PhotonVision.ProtoJump;
				PRODUCT_NAME = "$(TARGET_NAME)";
				SWIFT_OBJC_BRIDGING_HEADER = "ProtoJump/ProtoJump-Bridging-Header.h";
				SWIFT_OPTIMIZATION_LEVEL = "-Onone";
				SWIFT_VERSION = 5.0;
				TARGETED_DEVICE_FAMILY = 1;
			};
			name = Debug;
		};
		974B071625DEF8AF00C8679A /* Release */ = {
			isa = XCBuildConfiguration;
			buildSettings = {
				ASSETCATALOG_COMPILER_APPICON_NAME = AppIcon;
				ASSETCATALOG_COMPILER_GLOBAL_ACCENT_COLOR_NAME = AccentColor;
				CLANG_ENABLE_MODULES = YES;
				CODE_SIGN_STYLE = Automatic;
				INFOPLIST_FILE = ProtoJump/Info.plist;
				IPHONEOS_DEPLOYMENT_TARGET = 13.0;
				LD_RUNPATH_SEARCH_PATHS = (
					"$(inherited)",
					"@executable_path/Frameworks",
				);
				PRODUCT_BUNDLE_IDENTIFIER = PhotonVision.ProtoJump;
				PRODUCT_NAME = "$(TARGET_NAME)";
				SWIFT_OBJC_BRIDGING_HEADER = "ProtoJump/ProtoJump-Bridging-Header.h";
				SWIFT_VERSION = 5.0;
				TARGETED_DEVICE_FAMILY = 1;
			};
			name = Release;
		};
/* End XCBuildConfiguration section */

/* Begin XCConfigurationList section */
		974B06FB25DEF8AE00C8679A /* Build configuration list for PBXProject "ProtoJump" */ = {
			isa = XCConfigurationList;
			buildConfigurations = (
				974B071225DEF8AF00C8679A /* Debug */,
				974B071325DEF8AF00C8679A /* Release */,
			);
			defaultConfigurationIsVisible = 0;
			defaultConfigurationName = Release;
		};
		974B071425DEF8AF00C8679A /* Build configuration list for PBXNativeTarget "ProtoJump" */ = {
			isa = XCConfigurationList;
			buildConfigurations = (
				974B071525DEF8AF00C8679A /* Debug */,
				974B071625DEF8AF00C8679A /* Release */,
			);
			defaultConfigurationIsVisible = 0;
			defaultConfigurationName = Release;
		};
/* End XCConfigurationList section */
	};
	rootObject = 974B06F825DEF8AE00C8679A /* Project object */;
}
