// !$*UTF8*$!
{
	archiveVersion = 1;
	classes = {
	};
	objectVersion = 50;
	objects = {

/* Begin PBXBuildFile section */
		974B070425DEF8AE00C8679A /* AppDelegate.swift in Sources */ = {isa = PBXBuildFile; fileRef = 974B070325DEF8AE00C8679A /* AppDelegate.swift */; };
		974B070625DEF8AE00C8679A /* SceneDelegate.swift in Sources */ = {isa = PBXBuildFile; fileRef = 974B070525DEF8AE00C8679A /* SceneDelegate.swift */; };
		974B070825DEF8AE00C8679A /* ViewController.swift in Sources */ = {isa = PBXBuildFile; fileRef = 974B070725DEF8AE00C8679A /* ViewController.swift */; };
		974B070B25DEF8AE00C8679A /* Main.storyboard in Resources */ = {isa = PBXBuildFile; fileRef = 974B070925DEF8AE00C8679A /* Main.storyboard */; };
		974B070D25DEF8AF00C8679A /* Assets.xcassets in Resources */ = {isa = PBXBuildFile; fileRef = 974B070C25DEF8AF00C8679A /* Assets.xcassets */; };
		974B071025DEF8AF00C8679A /* LaunchScreen.storyboard in Resources */ = {isa = PBXBuildFile; fileRef = 974B070E25DEF8AF00C8679A /* LaunchScreen.storyboard */; };
/* End PBXBuildFile section */

/* Begin PBXFileReference section */
		974B070025DEF8AE00C8679A /* ProtoJump.app */ = {isa = PBXFileReference; explicitFileType = wrapper.application; includeInIndex = 0; path = ProtoJump.app; sourceTree = BUILT_PRODUCTS_DIR; };
		974B070325DEF8AE00C8679A /* AppDelegate.swift */ = {isa = PBXFileReference; lastKnownFileType = sourcecode.swift; path = AppDelegate.swift; sourceTree = "<group>"; };
		974B070525DEF8AE00C8679A /* SceneDelegate.swift */ = {isa = PBXFileReference; lastKnownFileType = sourcecode.swift; path = SceneDelegate.swift; sourceTree = "<group>"; };
		974B070725DEF8AE00C8679A /* ViewController.swift */ = {isa = PBXFileReference; lastKnownFileType = sourcecode.swift; path = ViewController.swift; sourceTree = "<group>"; };
		974B070A25DEF8AE00C8679A /* Base */ = {isa = PBXFileReference; lastKnownFileType = file.storyboard; name = Base; path = Base.lproj/Main.storyboard; sourceTree = "<group>"; };
		974B070C25DEF8AF00C8679A /* Assets.xcassets */ = {isa = PBXFileReference; lastKnownFileType = folder.assetcatalog; path = Assets.xcassets; sourceTree = "<group>"; };
		974B070F25DEF8AF00C8679A /* Base */ = {isa = PBXFileReference; lastKnownFileType = file.storyboard; name = Base; path = Base.lproj/LaunchScreen.storyboard; sourceTree = "<group>"; };
		974B071125DEF8AF00C8679A /* Info.plist */ = {isa = PBXFileReference; lastKnownFileType = text.plist.xml; path = Info.plist; sourceTree = "<group>"; };
/* End PBXFileReference section */

/* Begin PBXFrameworksBuildPhase section */
		974B06FD25DEF8AE00C8679A /* Frameworks */ = {
			isa = PBXFrameworksBuildPhase;
			buildActionMask = 2147483647;
			files = (
			);
			runOnlyForDeploymentPostprocessing = 0;
		};
/* End PBXFrameworksBuildPhase section */

/* Begin PBXGroup section */
		974B06F725DEF8AE00C8679A = {
			isa = PBXGroup;
			children = (
				974B070225DEF8AE00C8679A /* ProtoJump */,
				974B070125DEF8AE00C8679A /* Products */,
			);
			sourceTree = "<group>";
		};
		974B070125DEF8AE00C8679A /* Products */ = {
			isa = PBXGroup;
			children = (
				974B070025DEF8AE00C8679A /* ProtoJump.app */,
			);
			name = Products;
			sourceTree = "<group>";
		};
		974B070225DEF8AE00C8679A /* ProtoJump */ = {
			isa = PBXGroup;
			children = (
				974B070325DEF8AE00C8679A /* AppDelegate.swift */,
				974B070525DEF8AE00C8679A /* SceneDelegate.swift */,
				974B070725DEF8AE00C8679A /* ViewController.swift */,
				974B070925DEF8AE00C8679A /* Main.storyboard */,
				974B070C25DEF8AF00C8679A /* Assets.xcassets */,
				974B070E25DEF8AF00C8679A /* LaunchScreen.storyboard */,
				974B071125DEF8AF00C8679A /* Info.plist */,
			);
			path = ProtoJump;
			sourceTree = "<group>";
		};
/* End PBXGroup section */

/* Begin PBXNativeTarget section */
		974B06FF25DEF8AE00C8679A /* ProtoJump */ = {
			isa = PBXNativeTarget;
			buildConfigurationList = 974B071425DEF8AF00C8679A /* Build configuration list for PBXNativeTarget "ProtoJump" */;
			buildPhases = (
				974B06FC25DEF8AE00C8679A /* Sources */,
				974B06FD25DEF8AE00C8679A /* Frameworks */,
				974B06FE25DEF8AE00C8679A /* Resources */,
			);
			buildRules = (
			);
			dependencies = (
			);
			name = ProtoJump;
			productName = ProtoJump;
			productReference = 974B070025DEF8AE00C8679A /* ProtoJump.app */;
			productType = "com.apple.product-type.application";
		};
/* End PBXNativeTarget section */

/* Begin PBXProject section */
		974B06F825DEF8AE00C8679A /* Project object */ = {
			isa = PBXProject;
			attributes = {
				LastSwiftUpdateCheck = 1240;
				LastUpgradeCheck = 1240;
				TargetAttributes = {
					974B06FF25DEF8AE00C8679A = {
						CreatedOnToolsVersion = 12.4;
					};
				};
			};
			buildConfigurationList = 974B06FB25DEF8AE00C8679A /* Build configuration list for PBXProject "ProtoJump" */;
			compatibilityVersion = "Xcode 9.3";
			developmentRegion = en;
			hasScannedForEncodings = 0;
			knownRegions = (
				en,
				Base,
			);
			mainGroup = 974B06F725DEF8AE00C8679A;
			productRefGroup = 974B070125DEF8AE00C8679A /* Products */;
			projectDirPath = "";
			projectRoot = "";
			targets = (
				974B06FF25DEF8AE00C8679A /* ProtoJump */,
			);
		};
/* End PBXProject section */

/* Begin PBXResourcesBuildPhase section */
		974B06FE25DEF8AE00C8679A /* Resources */ = {
			isa = PBXResourcesBuildPhase;
			buildActionMask = 2147483647;
			files = (
				974B071025DEF8AF00C8679A /* LaunchScreen.storyboard in Resources */,
				974B070D25DEF8AF00C8679A /* Assets.xcassets in Resources */,
				974B070B25DEF8AE00C8679A /* Main.storyboard in Resources */,
			);
			runOnlyForDeploymentPostprocessing = 0;
		};
/* End PBXResourcesBuildPhase section */

/* Begin PBXSourcesBuildPhase section */
		974B06FC25DEF8AE00C8679A /* Sources */ = {
			isa = PBXSourcesBuildPhase;
			buildActionMask = 2147483647;
			files = (
				974B070825DEF8AE00C8679A /* ViewController.swift in Sources */,
				974B070425DEF8AE00C8679A /* AppDelegate.swift in Sources */,
				974B070625DEF8AE00C8679A /* SceneDelegate.swift in Sources */,
			);
			runOnlyForDeploymentPostprocessing = 0;
		};
/* End PBXSourcesBuildPhase section */

/* Begin PBXVariantGroup section */
		974B070925DEF8AE00C8679A /* Main.storyboard */ = {
			isa = PBXVariantGroup;
			children = (
				974B070A25DEF8AE00C8679A /* Base */,
			);
			name = Main.storyboard;
			sourceTree = "<group>";
		};
		974B070E25DEF8AF00C8679A /* LaunchScreen.storyboard */ = {
			isa = PBXVariantGroup;
			children = (
				974B070F25DEF8AF00C8679A /* Base */,
			);
			name = LaunchScreen.storyboard;
			sourceTree = "<group>";
		};
/* End PBXVariantGroup section */

/* Begin XCBuildConfiguration section */
		974B071225DEF8AF00C8679A /* Debug */ = {
			isa = XCBuildConfiguration;
			buildSettings = {
				ALWAYS_SEARCH_USER_PATHS = NO;
				CLANG_ANALYZER_NONNULL = YES;
				CLANG_ANALYZER_NUMBER_OBJECT_CONVERSION = YES_AGGRESSIVE;
				CLANG_CXX_LANGUAGE_STANDARD = "gnu++14";
				CLANG_CXX_LIBRARY = "libc++";
				CLANG_ENABLE_MODULES = YES;
				CLANG_ENABLE_OBJC_ARC = YES;
				CLANG_ENABLE_OBJC_WEAK = YES;
				CLANG_WARN_BLOCK_CAPTURE_AUTORELEASING = YES;
				CLANG_WARN_BOOL_CONVERSION = YES;
				CLANG_WARN_COMMA = YES;
				CLANG_WARN_CONSTANT_CONVERSION = YES;
				CLANG_WARN_DEPRECATED_OBJC_IMPLEMENTATIONS = YES;
				CLANG_WARN_DIRECT_OBJC_ISA_USAGE = YES_ERROR;
				CLANG_WARN_DOCUMENTATION_COMMENTS = YES;
				CLANG_WARN_EMPTY_BODY = YES;
				CLANG_WARN_ENUM_CONVERSION = YES;
				CLANG_WARN_INFINITE_RECURSION = YES;
				CLANG_WARN_INT_CONVERSION = YES;
				CLANG_WARN_NON_LITERAL_NULL_CONVERSION = YES;
				CLANG_WARN_OBJC_IMPLICIT_RETAIN_SELF = YES;
				CLANG_WARN_OBJC_LITERAL_CONVERSION = YES;
				CLANG_WARN_OBJC_ROOT_CLASS = YES_ERROR;
				CLANG_WARN_QUOTED_INCLUDE_IN_FRAMEWORK_HEADER = YES;
				CLANG_WARN_RANGE_LOOP_ANALYSIS = YES;
				CLANG_WARN_STRICT_PROTOTYPES = YES;
				CLANG_WARN_SUSPICIOUS_MOVE = YES;
				CLANG_WARN_UNGUARDED_AVAILABILITY = YES_AGGRESSIVE;
				CLANG_WARN_UNREACHABLE_CODE = YES;
				CLANG_WARN__DUPLICATE_METHOD_MATCH = YES;
				COPY_PHASE_STRIP = NO;
				DEBUG_INFORMATION_FORMAT = dwarf;
				ENABLE_STRICT_OBJC_MSGSEND = YES;
				ENABLE_TESTABILITY = YES;
				GCC_C_LANGUAGE_STANDARD = gnu11;
				GCC_DYNAMIC_NO_PIC = NO;
				GCC_NO_COMMON_BLOCKS = YES;
				GCC_OPTIMIZATION_LEVEL = 0;
				GCC_PREPROCESSOR_DEFINITIONS = (
					"DEBUG=1",
					"$(inherited)",
				);
				GCC_WARN_64_TO_32_BIT_CONVERSION = YES;
				GCC_WARN_ABOUT_RETURN_TYPE = YES_ERROR;
				GCC_WARN_UNDECLARED_SELECTOR = YES;
				GCC_WARN_UNINITIALIZED_AUTOS = YES_AGGRESSIVE;
				GCC_WARN_UNUSED_FUNCTION = YES;
				GCC_WARN_UNUSED_VARIABLE = YES;
				IPHONEOS_DEPLOYMENT_TARGET = 14.4;
				MTL_ENABLE_DEBUG_INFO = INCLUDE_SOURCE;
				MTL_FAST_MATH = YES;
				ONLY_ACTIVE_ARCH = YES;
				SDKROOT = iphoneos;
				SWIFT_ACTIVE_COMPILATION_CONDITIONS = DEBUG;
				SWIFT_OPTIMIZATION_LEVEL = "-Onone";
			};
			name = Debug;
		};
		974B071325DEF8AF00C8679A /* Release */ = {
			isa = XCBuildConfiguration;
			buildSettings = {
				ALWAYS_SEARCH_USER_PATHS = NO;
				CLANG_ANALYZER_NONNULL = YES;
				CLANG_ANALYZER_NUMBER_OBJECT_CONVERSION = YES_AGGRESSIVE;
				CLANG_CXX_LANGUAGE_STANDARD = "gnu++14";
				CLANG_CXX_LIBRARY = "libc++";
				CLANG_ENABLE_MODULES = YES;
				CLANG_ENABLE_OBJC_ARC = YES;
				CLANG_ENABLE_OBJC_WEAK = YES;
				CLANG_WARN_BLOCK_CAPTURE_AUTORELEASING = YES;
				CLANG_WARN_BOOL_CONVERSION = YES;
				CLANG_WARN_COMMA = YES;
				CLANG_WARN_CONSTANT_CONVERSION = YES;
				CLANG_WARN_DEPRECATED_OBJC_IMPLEMENTATIONS = YES;
				CLANG_WARN_DIRECT_OBJC_ISA_USAGE = YES_ERROR;
				CLANG_WARN_DOCUMENTATION_COMMENTS = YES;
				CLANG_WARN_EMPTY_BODY = YES;
				CLANG_WARN_ENUM_CONVERSION = YES;
				CLANG_WARN_INFINITE_RECURSION = YES;
				CLANG_WARN_INT_CONVERSION = YES;
				CLANG_WARN_NON_LITERAL_NULL_CONVERSION = YES;
				CLANG_WARN_OBJC_IMPLICIT_RETAIN_SELF = YES;
				CLANG_WARN_OBJC_LITERAL_CONVERSION = YES;
				CLANG_WARN_OBJC_ROOT_CLASS = YES_ERROR;
				CLANG_WARN_QUOTED_INCLUDE_IN_FRAMEWORK_HEADER = YES;
				CLANG_WARN_RANGE_LOOP_ANALYSIS = YES;
				CLANG_WARN_STRICT_PROTOTYPES = YES;
				CLANG_WARN_SUSPICIOUS_MOVE = YES;
				CLANG_WARN_UNGUARDED_AVAILABILITY = YES_AGGRESSIVE;
				CLANG_WARN_UNREACHABLE_CODE = YES;
				CLANG_WARN__DUPLICATE_METHOD_MATCH = YES;
				COPY_PHASE_STRIP = NO;
				DEBUG_INFORMATION_FORMAT = "dwarf-with-dsym";
				ENABLE_NS_ASSERTIONS = NO;
				ENABLE_STRICT_OBJC_MSGSEND = YES;
				GCC_C_LANGUAGE_STANDARD = gnu11;
				GCC_NO_COMMON_BLOCKS = YES;
				GCC_WARN_64_TO_32_BIT_CONVERSION = YES;
				GCC_WARN_ABOUT_RETURN_TYPE = YES_ERROR;
				GCC_WARN_UNDECLARED_SELECTOR = YES;
				GCC_WARN_UNINITIALIZED_AUTOS = YES_AGGRESSIVE;
				GCC_WARN_UNUSED_FUNCTION = YES;
				GCC_WARN_UNUSED_VARIABLE = YES;
				IPHONEOS_DEPLOYMENT_TARGET = 14.4;
				MTL_ENABLE_DEBUG_INFO = NO;
				MTL_FAST_MATH = YES;
				SDKROOT = iphoneos;
				SWIFT_COMPILATION_MODE = wholemodule;
				SWIFT_OPTIMIZATION_LEVEL = "-O";
				VALIDATE_PRODUCT = YES;
			};
			name = Release;
		};
		974B071525DEF8AF00C8679A /* Debug */ = {
			isa = XCBuildConfiguration;
			buildSettings = {
				ASSETCATALOG_COMPILER_APPICON_NAME = AppIcon;
				ASSETCATALOG_COMPILER_GLOBAL_ACCENT_COLOR_NAME = AccentColor;
				CODE_SIGN_STYLE = Automatic;
				INFOPLIST_FILE = ProtoJump/Info.plist;
				LD_RUNPATH_SEARCH_PATHS = (
					"$(inherited)",
					"@executable_path/Frameworks",
				);
				PRODUCT_BUNDLE_IDENTIFIER = PhotonVision.ProtoJump;
				PRODUCT_NAME = "$(TARGET_NAME)";
				SWIFT_VERSION = 5.0;
				TARGETED_DEVICE_FAMILY = "1,2";
			};
			name = Debug;
		};
		974B071625DEF8AF00C8679A /* Release */ = {
			isa = XCBuildConfiguration;
			buildSettings = {
				ASSETCATALOG_COMPILER_APPICON_NAME = AppIcon;
				ASSETCATALOG_COMPILER_GLOBAL_ACCENT_COLOR_NAME = AccentColor;
				CODE_SIGN_STYLE = Automatic;
				INFOPLIST_FILE = ProtoJump/Info.plist;
				LD_RUNPATH_SEARCH_PATHS = (
					"$(inherited)",
					"@executable_path/Frameworks",
				);
				PRODUCT_BUNDLE_IDENTIFIER = PhotonVision.ProtoJump;
				PRODUCT_NAME = "$(TARGET_NAME)";
				SWIFT_VERSION = 5.0;
				TARGETED_DEVICE_FAMILY = "1,2";
			};
			name = Release;
		};
/* End XCBuildConfiguration section */

/* Begin XCConfigurationList section */
		974B06FB25DEF8AE00C8679A /* Build configuration list for PBXProject "ProtoJump" */ = {
			isa = XCConfigurationList;
			buildConfigurations = (
				974B071225DEF8AF00C8679A /* Debug */,
				974B071325DEF8AF00C8679A /* Release */,
			);
			defaultConfigurationIsVisible = 0;
			defaultConfigurationName = Release;
		};
		974B071425DEF8AF00C8679A /* Build configuration list for PBXNativeTarget "ProtoJump" */ = {
			isa = XCConfigurationList;
			buildConfigurations = (
				974B071525DEF8AF00C8679A /* Debug */,
				974B071625DEF8AF00C8679A /* Release */,
			);
			defaultConfigurationIsVisible = 0;
			defaultConfigurationName = Release;
		};
/* End XCConfigurationList section */
	};
	rootObject = 974B06F825DEF8AE00C8679A /* Project object */;
}
